
Microsoft Visual Studio Solution File, Format Version 12.00
# Visual Studio Version 16
VisualStudioVersion = 16.0.30611.23
MinimumVisualStudioVersion = 10.0.40219.1
Project("{FAE04EC0-301F-11D3-BF4B-00C04F79EFBC}") = "cms-stock", "cms-stock.csproj", "{2537DEBB-A9E9-4F4D-A7F8-178D280C0DBD}"
EndProject
Global
	GlobalSection(SolutionConfigurationPlatforms) = preSolution
		Debug|Any CPU = Debug|Any CPU
		Release|Any CPU = Release|Any CPU
	EndGlobalSection
	GlobalSection(ProjectConfigurationPlatforms) = postSolution
		{2537DEBB-A9E9-4F4D-A7F8-178D280C0DBD}.Debug|Any CPU.ActiveCfg = Debug|Any CPU
		{2537DEBB-A9E9-4F4D-A7F8-178D280C0DBD}.Debug|Any CPU.Build.0 = Debug|Any CPU
		{2537DEBB-A9E9-4F4D-A7F8-178D280C0DBD}.Release|Any CPU.ActiveCfg = Release|Any CPU
		{2537DEBB-A9E9-4F4D-A7F8-178D280C0DBD}.Release|Any CPU.Build.0 = Release|Any CPU
	EndGlobalSection
	GlobalSection(SolutionProperties) = preSolution
		HideSolutionNode = FALSE
	EndGlobalSection
	GlobalSection(ExtensibilityGlobals) = postSolution
		SolutionGuid = {D371A1F9-C680-4AE5-806D-3ECBA5ADDDC2}
	EndGlobalSection
EndGlobal
